
Microsoft Visual Studio Solution File, Format Version 12.00
# Visual Studio Version 17
VisualStudioVersion = 17.14.36310.24 d17.14
MinimumVisualStudioVersion = 10.0.40219.1
Project("{FAE04EC0-301F-11D3-BF4B-00C04F79EFBC}") = "apicore9", "apicore9.csproj", "{92BB2872-570B-B763-E352-AF9EDC2404DD}"
EndProject
Global
	GlobalSection(SolutionConfigurationPlatforms) = preSolution
		Debug|Any CPU = Debug|Any CPU
		Release|Any CPU = Release|Any CPU
	EndGlobalSection
	GlobalSection(ProjectConfigurationPlatforms) = postSolution
		{92BB2872-570B-B763-E352-AF9EDC2404DD}.Debug|Any CPU.ActiveCfg = Debug|Any CPU
		{92BB2872-570B-B763-E352-AF9EDC2404DD}.Debug|Any CPU.Build.0 = Debug|Any CPU
		{92BB2872-570B-B763-E352-AF9EDC2404DD}.Release|Any CPU.ActiveCfg = Release|Any CPU
		{92BB2872-570B-B763-E352-AF9EDC2404DD}.Release|Any CPU.Build.0 = Release|Any CPU
	EndGlobalSection
	GlobalSection(SolutionProperties) = preSolution
		HideSolutionNode = FALSE
	EndGlobalSection
	GlobalSection(ExtensibilityGlobals) = postSolution
		SolutionGuid = {DE38B09F-D2D1-4140-B4D7-2348C9DF49C8}
	EndGlobalSection
EndGlobal
